
Microsoft Visual Studio Solution File, Format Version 12.00
# Visual Studio Version 17
VisualStudioVersion = 17.9.34728.123
MinimumVisualStudioVersion = 10.0.40219.1
Project("{FAE04EC0-301F-11D3-BF4B-00C04F79EFBC}") = "CSVConverter", "CSVConverter\CSVConverter.csproj", "{3BCBD6FD-CFF8-4661-BA0D-7244724E478F}"
EndProject
Global
	GlobalSection(SolutionConfigurationPlatforms) = preSolution
		Debug|Any CPU = Debug|Any CPU
		Release|Any CPU = Release|Any CPU
	EndGlobalSection
	GlobalSection(ProjectConfigurationPlatforms) = postSolution
		{3BCBD6FD-CFF8-4661-BA0D-7244724E478F}.Debug|Any CPU.ActiveCfg = Debug|Any CPU
		{3BCBD6FD-CFF8-4661-BA0D-7244724E478F}.Debug|Any CPU.Build.0 = Debug|Any CPU
		{3BCBD6FD-CFF8-4661-BA0D-7244724E478F}.Release|Any CPU.ActiveCfg = Release|Any CPU
		{3BCBD6FD-CFF8-4661-BA0D-7244724E478F}.Release|Any CPU.Build.0 = Release|Any CPU
	EndGlobalSection
	GlobalSection(SolutionProperties) = preSolution
		HideSolutionNode = FALSE
	EndGlobalSection
	GlobalSection(ExtensibilityGlobals) = postSolution
		SolutionGuid = {1E43551B-B891-452F-9634-7472884ECD0B}
	EndGlobalSection
EndGlobal
